# This file is autogenerated, do not edit; changes may be undone by the next 'dep ensure'.


[[projects]]
  branch = "master"
  name = "github.com/go-pg/pg"
  packages = [
    ".",
    "internal",
    "internal/parser",
    "internal/pool",
    "orm",
    "types"
  ]
  revision = "fe3771f7f4cdf3a78e6d5391bc69f42c68bbe306"

[[projects]]
  branch = "master"
  name = "github.com/jinzhu/inflection"
  packages = ["."]
  revision = "04140366298a54a039076d798123ffa108fff46c"

[solve-meta]
  analyzer-name = "dep"
  analyzer-version = 1
  inputs-digest = "59662516d1ade4b4f5a204a036c6397961941714a11204de40306c5de0f4f5fe"
  solver-name = "gps-cdcl"
  solver-version = 1
